
Microsoft Visual Studio Solution File, Format Version 12.00
# Visual Studio Version 16
VisualStudioVersion = 16.0.30523.141
MinimumVisualStudioVersion = 10.0.40219.1
Project("{FAE04EC0-301F-11D3-BF4B-00C04F79EFBC}") = "ToolKit.BL", "ToolKit.BL\ToolKit.BL.csproj", "{2C807C08-D4C0-4507-BF9D-5B25F3D5D47C}"
EndProject
Project("{2150E333-8FDC-42A3-9474-1A3956D46DE8}") = "Tests", "Tests", "{EBED129D-E170-4C32-B703-7608B81EF5AA}"
EndProject
Project("{FAE04EC0-301F-11D3-BF4B-00C04F79EFBC}") = "ToolKit.BLTest", "Tests\ToolKit.BLTest\ToolKit.BLTest.csproj", "{F1E5E47A-CD96-48DA-9438-E3425B97E741}"
EndProject
Global
	GlobalSection(SolutionConfigurationPlatforms) = preSolution
		Debug|Any CPU = Debug|Any CPU
		Release|Any CPU = Release|Any CPU
	EndGlobalSection
	GlobalSection(ProjectConfigurationPlatforms) = postSolution
		{2C807C08-D4C0-4507-BF9D-5B25F3D5D47C}.Debug|Any CPU.ActiveCfg = Debug|Any CPU
		{2C807C08-D4C0-4507-BF9D-5B25F3D5D47C}.Debug|Any CPU.Build.0 = Debug|Any CPU
		{2C807C08-D4C0-4507-BF9D-5B25F3D5D47C}.Release|Any CPU.ActiveCfg = Release|Any CPU
		{2C807C08-D4C0-4507-BF9D-5B25F3D5D47C}.Release|Any CPU.Build.0 = Release|Any CPU
		{F1E5E47A-CD96-48DA-9438-E3425B97E741}.Debug|Any CPU.ActiveCfg = Debug|Any CPU
		{F1E5E47A-CD96-48DA-9438-E3425B97E741}.Debug|Any CPU.Build.0 = Debug|Any CPU
		{F1E5E47A-CD96-48DA-9438-E3425B97E741}.Release|Any CPU.ActiveCfg = Release|Any CPU
		{F1E5E47A-CD96-48DA-9438-E3425B97E741}.Release|Any CPU.Build.0 = Release|Any CPU
	EndGlobalSection
	GlobalSection(SolutionProperties) = preSolution
		HideSolutionNode = FALSE
	EndGlobalSection
	GlobalSection(NestedProjects) = preSolution
		{F1E5E47A-CD96-48DA-9438-E3425B97E741} = {EBED129D-E170-4C32-B703-7608B81EF5AA}
	EndGlobalSection
	GlobalSection(ExtensibilityGlobals) = postSolution
		SolutionGuid = {BE375348-9549-4874-A67E-9BB614E1B0C6}
	EndGlobalSection
EndGlobal
